
Microsoft Visual Studio Solution File, Format Version 12.00
# Visual Studio Version 16
VisualStudioVersion = 16.0.29519.87
MinimumVisualStudioVersion = 10.0.40219.1
Project("{888888A0-9F3D-457C-B088-3A5042F75D52}") = "francia_kartya", "francia_kartya\francia_kartya.pyproj", "{35A99646-3AC4-4FCB-A99A-72E4AA2CEEA9}"
EndProject
Global
	GlobalSection(SolutionConfigurationPlatforms) = preSolution
		Debug|Any CPU = Debug|Any CPU
		Release|Any CPU = Release|Any CPU
	EndGlobalSection
	GlobalSection(ProjectConfigurationPlatforms) = postSolution
		{35A99646-3AC4-4FCB-A99A-72E4AA2CEEA9}.Debug|Any CPU.ActiveCfg = Debug|Any CPU
		{35A99646-3AC4-4FCB-A99A-72E4AA2CEEA9}.Release|Any CPU.ActiveCfg = Release|Any CPU
	EndGlobalSection
	GlobalSection(SolutionProperties) = preSolution
		HideSolutionNode = FALSE
	EndGlobalSection
	GlobalSection(ExtensibilityGlobals) = postSolution
		SolutionGuid = {EE4ED897-C613-424E-9B31-3B4DC56F4AA2}
	EndGlobalSection
EndGlobal
